// !$*UTF8*$!
{
	archiveVersion = 1;
	classes = {
	};
	objectVersion = 77;
	objects = {

/* Begin PBXBuildFile section */
		05F331082DB8DCFD004B148D /* BitCollections in Frameworks */ = {isa = PBXBuildFile; productRef = 05F331072DB8DCFD004B148D /* BitCollections */; };
		05F3310A2DB8DCFD004B148D /* Collections in Frameworks */ = {isa = PBXBuildFile; productRef = 05F331092DB8DCFD004B148D /* Collections */; };
		05F3310C2DB8DCFD004B148D /* DequeModule in Frameworks */ = {isa = PBXBuildFile; productRef = 05F3310B2DB8DCFD004B148D /* DequeModule */; };
		05F3310E2DB8DCFD004B148D /* HashTreeCollections in Frameworks */ = {isa = PBXBuildFile; productRef = 05F3310D2DB8DCFD004B148D /* HashTreeCollections */; };
		05F331102DB8DCFD004B148D /* HeapModule in Frameworks */ = {isa = PBXBuildFile; productRef = 05F3310F2DB8DCFD004B148D /* HeapModule */; };
/* End PBXBuildFile section */

/* Begin PBXContainerItemProxy section */
		05F330DF2DB88EA0004B148D /* PBXContainerItemProxy */ = {
			isa = PBXContainerItemProxy;
			containerPortal = 05F330C92DB88E9E004B148D /* Project object */;
			proxyType = 1;
			remoteGlobalIDString = 05F330D02DB88E9E004B148D;
			remoteInfo = "Travel App";
		};
		05F330E92DB88EA0004B148D /* PBXContainerItemProxy */ = {
			isa = PBXContainerItemProxy;
			containerPortal = 05F330C92DB88E9E004B148D /* Project object */;
			proxyType = 1;
			remoteGlobalIDString = 05F330D02DB88E9E004B148D;
			remoteInfo = "Travel App";
		};
/* End PBXContainerItemProxy section */

/* Begin PBXFileReference section */
		05F330D12DB88E9E004B148D /* Travel App.app */ = {isa = PBXFileReference; explicitFileType = wrapper.application; includeInIndex = 0; path = "Travel App.app"; sourceTree = BUILT_PRODUCTS_DIR; };
		05F330DE2DB88EA0004B148D /* Travel AppTests.xctest */ = {isa = PBXFileReference; explicitFileType = wrapper.cfbundle; includeInIndex = 0; path = "Travel AppTests.xctest"; sourceTree = BUILT_PRODUCTS_DIR; };
		05F330E82DB88EA0004B148D /* Travel AppUITests.xctest */ = {isa = PBXFileReference; explicitFileType = wrapper.cfbundle; includeInIndex = 0; path = "Travel AppUITests.xctest"; sourceTree = BUILT_PRODUCTS_DIR; };
/* End PBXFileReference section */

/* Begin PBXFileSystemSynchronizedRootGroup section */
		05F330D32DB88E9E004B148D /* Travel App */ = {
			isa = PBXFileSystemSynchronizedRootGroup;
			path = "Travel App";
			sourceTree = "<group>";
		};
		05F330E12DB88EA0004B148D /* Travel AppTests */ = {
			isa = PBXFileSystemSynchronizedRootGroup;
			path = "Travel AppTests";
			sourceTree = "<group>";
		};
		05F330EB2DB88EA0004B148D /* Travel AppUITests */ = {
			isa = PBXFileSystemSynchronizedRootGroup;
			path = "Travel AppUITests";
			sourceTree = "<group>";
		};
/* End PBXFileSystemSynchronizedRootGroup section */

/* Begin PBXFrameworksBuildPhase section */
		05F330CE2DB88E9E004B148D /* Frameworks */ = {
			isa = PBXFrameworksBuildPhase;
			buildActionMask = 2147483647;
			files = (
				05F3310A2DB8DCFD004B148D /* Collections in Frameworks */,
				05F331102DB8DCFD004B148D /* HeapModule in Frameworks */,
				05F331082DB8DCFD004B148D /* BitCollections in Frameworks */,
				05F3310E2DB8DCFD004B148D /* HashTreeCollections in Frameworks */,
				05F3310C2DB8DCFD004B148D /* DequeModule in Frameworks */,
			);
			runOnlyForDeploymentPostprocessing = 0;
		};
		05F330DB2DB88EA0004B148D /* Frameworks */ = {
			isa = PBXFrameworksBuildPhase;
			buildActionMask = 2147483647;
			files = (
			);
			runOnlyForDeploymentPostprocessing = 0;
		};
		05F330E52DB88EA0004B148D /* Frameworks */ = {
			isa = PBXFrameworksBuildPhase;
			buildActionMask = 2147483647;
			files = (
			);
			runOnlyForDeploymentPostprocessing = 0;
		};
/* End PBXFrameworksBuildPhase section */

/* Begin PBXGroup section */
		05F330C82DB88E9E004B148D = {
			isa = PBXGroup;
			children = (
				05F330D32DB88E9E004B148D /* Travel App */,
				05F330E12DB88EA0004B148D /* Travel AppTests */,
				05F330EB2DB88EA0004B148D /* Travel AppUITests */,
				05F330D22DB88E9E004B148D /* Products */,
			);
			sourceTree = "<group>";
		};
		05F330D22DB88E9E004B148D /* Products */ = {
			isa = PBXGroup;
			children = (
				05F330D12DB88E9E004B148D /* Travel App.app */,
				05F330DE2DB88EA0004B148D /* Travel AppTests.xctest */,
				05F330E82DB88EA0004B148D /* Travel AppUITests.xctest */,
			);
			name = Products;
			sourceTree = "<group>";
		};
/* End PBXGroup section */

/* Begin PBXNativeTarget section */
		05F330D02DB88E9E004B148D /* Travel App */ = {
			isa = PBXNativeTarget;
			buildConfigurationList = 05F330F22DB88EA0004B148D /* Build configuration list for PBXNativeTarget "Travel App" */;
			buildPhases = (
				05F330CD2DB88E9E004B148D /* Sources */,
				05F330CE2DB88E9E004B148D /* Frameworks */,
				05F330CF2DB88E9E004B148D /* Resources */,
			);
			buildRules = (
			);
			dependencies = (
			);
			fileSystemSynchronizedGroups = (
				05F330D32DB88E9E004B148D /* Travel App */,
			);
			name = "Travel App";
			packageProductDependencies = (
				05F331072DB8DCFD004B148D /* BitCollections */,
				05F331092DB8DCFD004B148D /* Collections */,
				05F3310B2DB8DCFD004B148D /* DequeModule */,
				05F3310D2DB8DCFD004B148D /* HashTreeCollections */,
				05F3310F2DB8DCFD004B148D /* HeapModule */,
			);
			productName = "Travel App";
			productReference = 05F330D12DB88E9E004B148D /* Travel App.app */;
			productType = "com.apple.product-type.application";
		};
		05F330DD2DB88EA0004B148D /* Travel AppTests */ = {
			isa = PBXNativeTarget;
			buildConfigurationList = 05F330F52DB88EA0004B148D /* Build configuration list for PBXNativeTarget "Travel AppTests" */;
			buildPhases = (
				05F330DA2DB88EA0004B148D /* Sources */,
				05F330DB2DB88EA0004B148D /* Frameworks */,
				05F330DC2DB88EA0004B148D /* Resources */,
			);
			buildRules = (
			);
			dependencies = (
				05F330E02DB88EA0004B148D /* PBXTargetDependency */,
			);
			fileSystemSynchronizedGroups = (
				05F330E12DB88EA0004B148D /* Travel AppTests */,
			);
			name = "Travel AppTests";
			packageProductDependencies = (
			);
			productName = "Travel AppTests";
			productReference = 05F330DE2DB88EA0004B148D /* Travel AppTests.xctest */;
			productType = "com.apple.product-type.bundle.unit-test";
		};
		05F330E72DB88EA0004B148D /* Travel AppUITests */ = {
			isa = PBXNativeTarget;
			buildConfigurationList = 05F330F82DB88EA0004B148D /* Build configuration list for PBXNativeTarget "Travel AppUITests" */;
			buildPhases = (
				05F330E42DB88EA0004B148D /* Sources */,
				05F330E52DB88EA0004B148D /* Frameworks */,
				05F330E62DB88EA0004B148D /* Resources */,
			);
			buildRules = (
			);
			dependencies = (
				05F330EA2DB88EA0004B148D /* PBXTargetDependency */,
			);
			fileSystemSynchronizedGroups = (
				05F330EB2DB88EA0004B148D /* Travel AppUITests */,
			);
			name = "Travel AppUITests";
			packageProductDependencies = (
			);
			productName = "Travel AppUITests";
			productReference = 05F330E82DB88EA0004B148D /* Travel AppUITests.xctest */;
			productType = "com.apple.product-type.bundle.ui-testing";
		};
/* End PBXNativeTarget section */

/* Begin PBXProject section */
		05F330C92DB88E9E004B148D /* Project object */ = {
			isa = PBXProject;
			attributes = {
				BuildIndependentTargetsInParallel = 1;
				LastSwiftUpdateCheck = 1630;
				LastUpgradeCheck = 1630;
				TargetAttributes = {
					05F330D02DB88E9E004B148D = {
						CreatedOnToolsVersion = 16.3;
					};
					05F330DD2DB88EA0004B148D = {
						CreatedOnToolsVersion = 16.3;
						TestTargetID = 05F330D02DB88E9E004B148D;
					};
					05F330E72DB88EA0004B148D = {
						CreatedOnToolsVersion = 16.3;
						TestTargetID = 05F330D02DB88E9E004B148D;
					};
				};
			};
			buildConfigurationList = 05F330CC2DB88E9E004B148D /* Build configuration list for PBXProject "Travel App" */;
			developmentRegion = en;
			hasScannedForEncodings = 0;
			knownRegions = (
				en,
				Base,
			);
			mainGroup = 05F330C82DB88E9E004B148D;
			minimizedProjectReferenceProxies = 1;
			packageReferences = (
				05F331062DB8AEE7004B148D /* XCRemoteSwiftPackageReference "swift-collections" */,
			);
			preferredProjectObjectVersion = 77;
			productRefGroup = 05F330D22DB88E9E004B148D /* Products */;
			projectDirPath = "";
			projectRoot = "";
			targets = (
				05F330D02DB88E9E004B148D /* Travel App */,
				05F330DD2DB88EA0004B148D /* Travel AppTests */,
				05F330E72DB88EA0004B148D /* Travel AppUITests */,
			);
		};
/* End PBXProject section */

/* Begin PBXResourcesBuildPhase section */
		05F330CF2DB88E9E004B148D /* Resources */ = {
			isa = PBXResourcesBuildPhase;
			buildActionMask = 2147483647;
			files = (
			);
			runOnlyForDeploymentPostprocessing = 0;
		};
		05F330DC2DB88EA0004B148D /* Resources */ = {
			isa = PBXResourcesBuildPhase;
			buildActionMask = 2147483647;
			files = (
			);
			runOnlyForDeploymentPostprocessing = 0;
		};
		05F330E62DB88EA0004B148D /* Resources */ = {
			isa = PBXResourcesBuildPhase;
			buildActionMask = 2147483647;
			files = (
			);
			runOnlyForDeploymentPostprocessing = 0;
		};
/* End PBXResourcesBuildPhase section */

/* Begin PBXSourcesBuildPhase section */
		05F330CD2DB88E9E004B148D /* Sources */ = {
			isa = PBXSourcesBuildPhase;
			buildActionMask = 2147483647;
			files = (
			);
			runOnlyForDeploymentPostprocessing = 0;
		};
		05F330DA2DB88EA0004B148D /* Sources */ = {
			isa = PBXSourcesBuildPhase;
			buildActionMask = 2147483647;
			files = (
			);
			runOnlyForDeploymentPostprocessing = 0;
		};
		05F330E42DB88EA0004B148D /* Sources */ = {
			isa = PBXSourcesBuildPhase;
			buildActionMask = 2147483647;
			files = (
			);
			runOnlyForDeploymentPostprocessing = 0;
		};
/* End PBXSourcesBuildPhase section */

/* Begin PBXTargetDependency section */
		05F330E02DB88EA0004B148D /* PBXTargetDependency */ = {
			isa = PBXTargetDependency;
			target = 05F330D02DB88E9E004B148D /* Travel App */;
			targetProxy = 05F330DF2DB88EA0004B148D /* PBXContainerItemProxy */;
		};
		05F330EA2DB88EA0004B148D /* PBXTargetDependency */ = {
			isa = PBXTargetDependency;
			target = 05F330D02DB88E9E004B148D /* Travel App */;
			targetProxy = 05F330E92DB88EA0004B148D /* PBXContainerItemProxy */;
		};
/* End PBXTargetDependency section */

/* Begin XCBuildConfiguration section */
		05F330F02DB88EA0004B148D /* Debug */ = {
			isa = XCBuildConfiguration;
			buildSettings = {
				ALWAYS_SEARCH_USER_PATHS = NO;
				ASSETCATALOG_COMPILER_GENERATE_SWIFT_ASSET_SYMBOL_EXTENSIONS = YES;
				CLANG_ANALYZER_NONNULL = YES;
				CLANG_ANALYZER_NUMBER_OBJECT_CONVERSION = YES_AGGRESSIVE;
				CLANG_CXX_LANGUAGE_STANDARD = "gnu++20";
				CLANG_ENABLE_MODULES = YES;
				CLANG_ENABLE_OBJC_ARC = YES;
				CLANG_ENABLE_OBJC_WEAK = YES;
				CLANG_WARN_BLOCK_CAPTURE_AUTORELEASING = YES;
				CLANG_WARN_BOOL_CONVERSION = YES;
				CLANG_WARN_COMMA = YES;
				CLANG_WARN_CONSTANT_CONVERSION = YES;
				CLANG_WARN_DEPRECATED_OBJC_IMPLEMENTATIONS = YES;
				CLANG_WARN_DIRECT_OBJC_ISA_USAGE = YES_ERROR;
				CLANG_WARN_DOCUMENTATION_COMMENTS = YES;
				CLANG_WARN_EMPTY_BODY = YES;
				CLANG_WARN_ENUM_CONVERSION = YES;
				CLANG_WARN_INFINITE_RECURSION = YES;
				CLANG_WARN_INT_CONVERSION = YES;
				CLANG_WARN_NON_LITERAL_NULL_CONVERSION = YES;
				CLANG_WARN_OBJC_IMPLICIT_RETAIN_SELF = YES;
				CLANG_WARN_OBJC_LITERAL_CONVERSION = YES;
				CLANG_WARN_OBJC_ROOT_CLASS = YES_ERROR;
				CLANG_WARN_QUOTED_INCLUDE_IN_FRAMEWORK_HEADER = YES;
				CLANG_WARN_RANGE_LOOP_ANALYSIS = YES;
				CLANG_WARN_STRICT_PROTOTYPES = YES;
				CLANG_WARN_SUSPICIOUS_MOVE = YES;
				CLANG_WARN_UNGUARDED_AVAILABILITY = YES_AGGRESSIVE;
				CLANG_WARN_UNREACHABLE_CODE = YES;
				CLANG_WARN__DUPLICATE_METHOD_MATCH = YES;
				COPY_PHASE_STRIP = NO;
				DEBUG_INFORMATION_FORMAT = dwarf;
				DEVELOPMENT_TEAM = 828D2J84L9;
				ENABLE_STRICT_OBJC_MSGSEND = YES;
				ENABLE_TESTABILITY = YES;
				ENABLE_USER_SCRIPT_SANDBOXING = YES;
				GCC_C_LANGUAGE_STANDARD = gnu17;
				GCC_DYNAMIC_NO_PIC = NO;
				GCC_NO_COMMON_BLOCKS = YES;
				GCC_OPTIMIZATION_LEVEL = 0;
				GCC_PREPROCESSOR_DEFINITIONS = (
					"DEBUG=1",
					"$(inherited)",
				);
				GCC_WARN_64_TO_32_BIT_CONVERSION = YES;
				GCC_WARN_ABOUT_RETURN_TYPE = YES_ERROR;
				GCC_WARN_UNDECLARED_SELECTOR = YES;
				GCC_WARN_UNINITIALIZED_AUTOS = YES_AGGRESSIVE;
				GCC_WARN_UNUSED_FUNCTION = YES;
				GCC_WARN_UNUSED_VARIABLE = YES;
				IPHONEOS_DEPLOYMENT_TARGET = 18.4;
				LOCALIZATION_PREFERS_STRING_CATALOGS = YES;
				MTL_ENABLE_DEBUG_INFO = INCLUDE_SOURCE;
				MTL_FAST_MATH = YES;
				ONLY_ACTIVE_ARCH = YES;
				SDKROOT = iphoneos;
				SWIFT_ACTIVE_COMPILATION_CONDITIONS = "DEBUG $(inherited)";
				SWIFT_OPTIMIZATION_LEVEL = "-Onone";
			};
			name = Debug;
		};
		05F330F12DB88EA0004B148D /* Release */ = {
			isa = XCBuildConfiguration;
			buildSettings = {
				ALWAYS_SEARCH_USER_PATHS = NO;
				ASSETCATALOG_COMPILER_GENERATE_SWIFT_ASSET_SYMBOL_EXTENSIONS = YES;
				CLANG_ANALYZER_NONNULL = YES;
				CLANG_ANALYZER_NUMBER_OBJECT_CONVERSION = YES_AGGRESSIVE;
				CLANG_CXX_LANGUAGE_STANDARD = "gnu++20";
				CLANG_ENABLE_MODULES = YES;
				CLANG_ENABLE_OBJC_ARC = YES;
				CLANG_ENABLE_OBJC_WEAK = YES;
				CLANG_WARN_BLOCK_CAPTURE_AUTORELEASING = YES;
				CLANG_WARN_BOOL_CONVERSION = YES;
				CLANG_WARN_COMMA = YES;
				CLANG_WARN_CONSTANT_CONVERSION = YES;
				CLANG_WARN_DEPRECATED_OBJC_IMPLEMENTATIONS = YES;
				CLANG_WARN_DIRECT_OBJC_ISA_USAGE = YES_ERROR;
				CLANG_WARN_DOCUMENTATION_COMMENTS = YES;
				CLANG_WARN_EMPTY_BODY = YES;
				CLANG_WARN_ENUM_CONVERSION = YES;
				CLANG_WARN_INFINITE_RECURSION = YES;
				CLANG_WARN_INT_CONVERSION = YES;
				CLANG_WARN_NON_LITERAL_NULL_CONVERSION = YES;
				CLANG_WARN_OBJC_IMPLICIT_RETAIN_SELF = YES;
				CLANG_WARN_OBJC_LITERAL_CONVERSION = YES;
				CLANG_WARN_OBJC_ROOT_CLASS = YES_ERROR;
				CLANG_WARN_QUOTED_INCLUDE_IN_FRAMEWORK_HEADER = YES;
				CLANG_WARN_RANGE_LOOP_ANALYSIS = YES;
				CLANG_WARN_STRICT_PROTOTYPES = YES;
				CLANG_WARN_SUSPICIOUS_MOVE = YES;
				CLANG_WARN_UNGUARDED_AVAILABILITY = YES_AGGRESSIVE;
				CLANG_WARN_UNREACHABLE_CODE = YES;
				CLANG_WARN__DUPLICATE_METHOD_MATCH = YES;
				COPY_PHASE_STRIP = NO;
				DEBUG_INFORMATION_FORMAT = "dwarf-with-dsym";
				DEVELOPMENT_TEAM = 828D2J84L9;
				ENABLE_NS_ASSERTIONS = NO;
				ENABLE_STRICT_OBJC_MSGSEND = YES;
				ENABLE_USER_SCRIPT_SANDBOXING = YES;
				GCC_C_LANGUAGE_STANDARD = gnu17;
				GCC_NO_COMMON_BLOCKS = YES;
				GCC_WARN_64_TO_32_BIT_CONVERSION = YES;
				GCC_WARN_ABOUT_RETURN_TYPE = YES_ERROR;
				GCC_WARN_UNDECLARED_SELECTOR = YES;
				GCC_WARN_UNINITIALIZED_AUTOS = YES_AGGRESSIVE;
				GCC_WARN_UNUSED_FUNCTION = YES;
				GCC_WARN_UNUSED_VARIABLE = YES;
				IPHONEOS_DEPLOYMENT_TARGET = 18.4;
				LOCALIZATION_PREFERS_STRING_CATALOGS = YES;
				MTL_ENABLE_DEBUG_INFO = NO;
				MTL_FAST_MATH = YES;
				SDKROOT = iphoneos;
				SWIFT_COMPILATION_MODE = wholemodule;
				VALIDATE_PRODUCT = YES;
			};
			name = Release;
		};
		05F330F32DB88EA0004B148D /* Debug */ = {
			isa = XCBuildConfiguration;
			buildSettings = {
				ASSETCATALOG_COMPILER_APPICON_NAME = AppIcon;
				ASSETCATALOG_COMPILER_GLOBAL_ACCENT_COLOR_NAME = AccentColor;
				CODE_SIGN_STYLE = Automatic;
				CURRENT_PROJECT_VERSION = 1;
				DEVELOPMENT_TEAM = 828D2J84L9;
				ENABLE_PREVIEWS = YES;
				GENERATE_INFOPLIST_FILE = YES;
				INFOPLIST_FILE = "Travel-App-Info.plist";
				INFOPLIST_KEY_UIApplicationSceneManifest_Generation = YES;
				INFOPLIST_KEY_UIApplicationSupportsIndirectInputEvents = YES;
				INFOPLIST_KEY_UILaunchScreen_Generation = YES;
				INFOPLIST_KEY_UISupportedInterfaceOrientations = UIInterfaceOrientationPortrait;
				LD_RUNPATH_SEARCH_PATHS = (
					"$(inherited)",
					"@executable_path/Frameworks",
				);
				MARKETING_VERSION = 1.0;
				PRODUCT_BUNDLE_IDENTIFIER = "com.patriciafiona.Travel-App";
				PRODUCT_NAME = "$(TARGET_NAME)";
				SUPPORTED_PLATFORMS = "iphoneos iphonesimulator";
				SUPPORTS_MACCATALYST = NO;
				SUPPORTS_MAC_DESIGNED_FOR_IPHONE_IPAD = NO;
				SUPPORTS_XR_DESIGNED_FOR_IPHONE_IPAD = NO;
				SWIFT_EMIT_LOC_STRINGS = YES;
				SWIFT_VERSION = 6.0;
				TARGETED_DEVICE_FAMILY = "1,2";
			};
			name = Debug;
		};
		05F330F42DB88EA0004B148D /* Release */ = {
			isa = XCBuildConfiguration;
			buildSettings = {
				ASSETCATALOG_COMPILER_APPICON_NAME = AppIcon;
				ASSETCATALOG_COMPILER_GLOBAL_ACCENT_COLOR_NAME = AccentColor;
				CODE_SIGN_STYLE = Automatic;
				CURRENT_PROJECT_VERSION = 1;
				DEVELOPMENT_TEAM = 828D2J84L9;
				ENABLE_PREVIEWS = YES;
				GENERATE_INFOPLIST_FILE = YES;
				INFOPLIST_FILE = "Travel-App-Info.plist";
				INFOPLIST_KEY_UIApplicationSceneManifest_Generation = YES;
				INFOPLIST_KEY_UIApplicationSupportsIndirectInputEvents = YES;
				INFOPLIST_KEY_UILaunchScreen_Generation = YES;
				INFOPLIST_KEY_UISupportedInterfaceOrientations = UIInterfaceOrientationPortrait;
				LD_RUNPATH_SEARCH_PATHS = (
					"$(inherited)",
					"@executable_path/Frameworks",
				);
				MARKETING_VERSION = 1.0;
				PRODUCT_BUNDLE_IDENTIFIER = "com.patriciafiona.Travel-App";
				PRODUCT_NAME = "$(TARGET_NAME)";
				SUPPORTED_PLATFORMS = "iphoneos iphonesimulator";
				SUPPORTS_MACCATALYST = NO;
				SUPPORTS_MAC_DESIGNED_FOR_IPHONE_IPAD = NO;
				SUPPORTS_XR_DESIGNED_FOR_IPHONE_IPAD = NO;
				SWIFT_EMIT_LOC_STRINGS = YES;
				SWIFT_VERSION = 6.0;
				TARGETED_DEVICE_FAMILY = "1,2";
			};
			name = Release;
		};
		05F330F62DB88EA0004B148D /* Debug */ = {
			isa = XCBuildConfiguration;
			buildSettings = {
				BUNDLE_LOADER = "$(TEST_HOST)";
				CODE_SIGN_STYLE = Automatic;
				CURRENT_PROJECT_VERSION = 1;
				DEVELOPMENT_TEAM = 828D2J84L9;
				GENERATE_INFOPLIST_FILE = YES;
				IPHONEOS_DEPLOYMENT_TARGET = 18.4;
				MARKETING_VERSION = 1.0;
				PRODUCT_BUNDLE_IDENTIFIER = "com.patriciafiona.Travel-AppTests";
				PRODUCT_NAME = "$(TARGET_NAME)";
				SWIFT_EMIT_LOC_STRINGS = NO;
				SWIFT_VERSION = 5.0;
				TARGETED_DEVICE_FAMILY = "1,2";
				TEST_HOST = "$(BUILT_PRODUCTS_DIR)/Travel App.app/$(BUNDLE_EXECUTABLE_FOLDER_PATH)/Travel App";
			};
			name = Debug;
		};
		05F330F72DB88EA0004B148D /* Release */ = {
			isa = XCBuildConfiguration;
			buildSettings = {
				BUNDLE_LOADER = "$(TEST_HOST)";
				CODE_SIGN_STYLE = Automatic;
				CURRENT_PROJECT_VERSION = 1;
				DEVELOPMENT_TEAM = 828D2J84L9;
				GENERATE_INFOPLIST_FILE = YES;
				IPHONEOS_DEPLOYMENT_TARGET = 18.4;
				MARKETING_VERSION = 1.0;
				PRODUCT_BUNDLE_IDENTIFIER = "com.patriciafiona.Travel-AppTests";
				PRODUCT_NAME = "$(TARGET_NAME)";
				SWIFT_EMIT_LOC_STRINGS = NO;
				SWIFT_VERSION = 5.0;
				TARGETED_DEVICE_FAMILY = "1,2";
				TEST_HOST = "$(BUILT_PRODUCTS_DIR)/Travel App.app/$(BUNDLE_EXECUTABLE_FOLDER_PATH)/Travel App";
			};
			name = Release;
		};
		05F330F92DB88EA0004B148D /* Debug */ = {
			isa = XCBuildConfiguration;
			buildSettings = {
				CODE_SIGN_STYLE = Automatic;
				CURRENT_PROJECT_VERSION = 1;
				DEVELOPMENT_TEAM = 828D2J84L9;
				GENERATE_INFOPLIST_FILE = YES;
				MARKETING_VERSION = 1.0;
				PRODUCT_BUNDLE_IDENTIFIER = "com.patriciafiona.Travel-AppUITests";
				PRODUCT_NAME = "$(TARGET_NAME)";
				SWIFT_EMIT_LOC_STRINGS = NO;
				SWIFT_VERSION = 5.0;
				TARGETED_DEVICE_FAMILY = "1,2";
				TEST_TARGET_NAME = "Travel App";
			};
			name = Debug;
		};
		05F330FA2DB88EA0004B148D /* Release */ = {
			isa = XCBuildConfiguration;
			buildSettings = {
				CODE_SIGN_STYLE = Automatic;
				CURRENT_PROJECT_VERSION = 1;
				DEVELOPMENT_TEAM = 828D2J84L9;
				GENERATE_INFOPLIST_FILE = YES;
				MARKETING_VERSION = 1.0;
				PRODUCT_BUNDLE_IDENTIFIER = "com.patriciafiona.Travel-AppUITests";
				PRODUCT_NAME = "$(TARGET_NAME)";
				SWIFT_EMIT_LOC_STRINGS = NO;
				SWIFT_VERSION = 5.0;
				TARGETED_DEVICE_FAMILY = "1,2";
				TEST_TARGET_NAME = "Travel App";
			};
			name = Release;
		};
/* End XCBuildConfiguration section */

/* Begin XCConfigurationList section */
		05F330CC2DB88E9E004B148D /* Build configuration list for PBXProject "Travel App" */ = {
			isa = XCConfigurationList;
			buildConfigurations = (
				05F330F02DB88EA0004B148D /* Debug */,
				05F330F12DB88EA0004B148D /* Release */,
			);
			defaultConfigurationIsVisible = 0;
			defaultConfigurationName = Release;
		};
		05F330F22DB88EA0004B148D /* Build configuration list for PBXNativeTarget "Travel App" */ = {
			isa = XCConfigurationList;
			buildConfigurations = (
				05F330F32DB88EA0004B148D /* Debug */,
				05F330F42DB88EA0004B148D /* Release */,
			);
			defaultConfigurationIsVisible = 0;
			defaultConfigurationName = Release;
		};
		05F330F52DB88EA0004B148D /* Build configuration list for PBXNativeTarget "Travel AppTests" */ = {
			isa = XCConfigurationList;
			buildConfigurations = (
				05F330F62DB88EA0004B148D /* Debug */,
				05F330F72DB88EA0004B148D /* Release */,
			);
			defaultConfigurationIsVisible = 0;
			defaultConfigurationName = Release;
		};
		05F330F82DB88EA0004B148D /* Build configuration list for PBXNativeTarget "Travel AppUITests" */ = {
			isa = XCConfigurationList;
			buildConfigurations = (
				05F330F92DB88EA0004B148D /* Debug */,
				05F330FA2DB88EA0004B148D /* Release */,
			);
			defaultConfigurationIsVisible = 0;
			defaultConfigurationName = Release;
		};
/* End XCConfigurationList section */

/* Begin XCRemoteSwiftPackageReference section */
		05F331062DB8AEE7004B148D /* XCRemoteSwiftPackageReference "swift-collections" */ = {
			isa = XCRemoteSwiftPackageReference;
			repositoryURL = "https://github.com/apple/swift-collections.git";
			requirement = {
				kind = upToNextMajorVersion;
				minimumVersion = 1.1.4;
			};
		};
/* End XCRemoteSwiftPackageReference section */

/* Begin XCSwiftPackageProductDependency section */
		05F331072DB8DCFD004B148D /* BitCollections */ = {
			isa = XCSwiftPackageProductDependency;
			package = 05F331062DB8AEE7004B148D /* XCRemoteSwiftPackageReference "swift-collections" */;
			productName = BitCollections;
		};
		05F331092DB8DCFD004B148D /* Collections */ = {
			isa = XCSwiftPackageProductDependency;
			package = 05F331062DB8AEE7004B148D /* XCRemoteSwiftPackageReference "swift-collections" */;
			productName = Collections;
		};
		05F3310B2DB8DCFD004B148D /* DequeModule */ = {
			isa = XCSwiftPackageProductDependency;
			package = 05F331062DB8AEE7004B148D /* XCRemoteSwiftPackageReference "swift-collections" */;
			productName = DequeModule;
		};
		05F3310D2DB8DCFD004B148D /* HashTreeCollections */ = {
			isa = XCSwiftPackageProductDependency;
			package = 05F331062DB8AEE7004B148D /* XCRemoteSwiftPackageReference "swift-collections" */;
			productName = HashTreeCollections;
		};
		05F3310F2DB8DCFD004B148D /* HeapModule */ = {
			isa = XCSwiftPackageProductDependency;
			package = 05F331062DB8AEE7004B148D /* XCRemoteSwiftPackageReference "swift-collections" */;
			productName = HeapModule;
		};
/* End XCSwiftPackageProductDependency section */
	};
	rootObject = 05F330C92DB88E9E004B148D /* Project object */;
}
