{
  "originHash" : "3c24263196ddbc11f131e676d9d6f04f4fc48a5e4879ea6e3cb05dfb04c06b31",
  "pins" : [
    {
      "identity" : "expandabletext",
      "kind" : "remoteSourceControl",
      "location" : "https://github.com/n3d1117/ExpandableText",
      "state" : {
        "branch" : "main",
        "revision" : "2b0dd2f3d2870fe933ffe5c2ee057d2e9fa647e2"
      }
    },
    {
      "identity" : "flagskit",
      "kind" : "remoteSourceControl",
      "location" : "https://github.com/pichukov/FlagsKit.git",
      "state" : {
        "revision" : "fc98238228d15285eb1b89ec3c5c96c83170101d",
        "version" : "1.0.0"
      }
    },
    {
      "identity" : "slidebutton",
      "kind" : "remoteSourceControl",
      "location" : "https://github.com/no-comment/SlideButton",
      "state" : {
        "branch" : "main",
        "revision" : "5eacebba4d7deeb693592bc9a62ab2d2181e133b"
      }
    },
    {
      "identity" : "swift-collections",
      "kind" : "remoteSourceControl",
      "location" : "https://github.com/apple/swift-collections.git",
      "state" : {
        "revision" : "671108c96644956dddcd89dd59c203dcdb36cec7",
        "version" : "1.1.4"
      }
    },
    {
      "identity" : "swipeactions",
      "kind" : "remoteSourceControl",
      "location" : "https://github.com/c-villain/SwipeActions",
      "state" : {
        "revision" : "1fe7b4e2cea808b50f9dbdb64796153bd1f9edfe",
        "version" : "0.4.1"
      }
    }
  ],
  "version" : 3
}
